
Microsoft Visual Studio Solution File, Format Version 12.00
# Visual Studio Version 16
VisualStudioVersion = 16.0.29001.49
MinimumVisualStudioVersion = 10.0.40219.1
Project("{9A19103F-16F7-4668-BE54-9A1E7A4F7556}") = "ElevatorProject", "ElevatorProject.csproj", "{F6B41690-5014-4E0A-B42D-E6BCD1BA306E}"
EndProject
Project("{9A19103F-16F7-4668-BE54-9A1E7A4F7556}") = "ElevatorTest", "..\ElevatorTest\ElevatorTest.csproj", "{7D40D459-F407-400E-99F1-0F559B66982D}"
EndProject
Project("{9A19103F-16F7-4668-BE54-9A1E7A4F7556}") = "Utilities", "..\..\Utilities\Utilities.csproj", "{CA54154C-F8A4-48EB-98B0-6E09073EAE79}"
EndProject
Global
	GlobalSection(SolutionConfigurationPlatforms) = preSolution
		Debug|Any CPU = Debug|Any CPU
		Release|Any CPU = Release|Any CPU
	EndGlobalSection
	GlobalSection(ProjectConfigurationPlatforms) = postSolution
		{F6B41690-5014-4E0A-B42D-E6BCD1BA306E}.Debug|Any CPU.ActiveCfg = Debug|Any CPU
		{F6B41690-5014-4E0A-B42D-E6BCD1BA306E}.Debug|Any CPU.Build.0 = Debug|Any CPU
		{F6B41690-5014-4E0A-B42D-E6BCD1BA306E}.Release|Any CPU.ActiveCfg = Release|Any CPU
		{F6B41690-5014-4E0A-B42D-E6BCD1BA306E}.Release|Any CPU.Build.0 = Release|Any CPU
		{7D40D459-F407-400E-99F1-0F559B66982D}.Debug|Any CPU.ActiveCfg = Debug|Any CPU
		{7D40D459-F407-400E-99F1-0F559B66982D}.Debug|Any CPU.Build.0 = Debug|Any CPU
		{7D40D459-F407-400E-99F1-0F559B66982D}.Release|Any CPU.ActiveCfg = Release|Any CPU
		{7D40D459-F407-400E-99F1-0F559B66982D}.Release|Any CPU.Build.0 = Release|Any CPU
		{CA54154C-F8A4-48EB-98B0-6E09073EAE79}.Debug|Any CPU.ActiveCfg = Debug|Any CPU
		{CA54154C-F8A4-48EB-98B0-6E09073EAE79}.Debug|Any CPU.Build.0 = Debug|Any CPU
		{CA54154C-F8A4-48EB-98B0-6E09073EAE79}.Release|Any CPU.ActiveCfg = Release|Any CPU
		{CA54154C-F8A4-48EB-98B0-6E09073EAE79}.Release|Any CPU.Build.0 = Release|Any CPU
	EndGlobalSection
	GlobalSection(SolutionProperties) = preSolution
		HideSolutionNode = FALSE
	EndGlobalSection
	GlobalSection(ExtensibilityGlobals) = postSolution
		SolutionGuid = {B325B2E5-AA25-4FF0-A039-9D355FA59164}
	EndGlobalSection
EndGlobal
