
Microsoft Visual Studio Solution File, Format Version 12.00
# Visual Studio Version 16
VisualStudioVersion = 16.0.29001.49
MinimumVisualStudioVersion = 10.0.40219.1
Project("{9A19103F-16F7-4668-BE54-9A1E7A4F7556}") = "Dag1", "Fundamentals\Dag1\Dag1.csproj", "{588DE699-C859-4AB9-B39C-4358F5EAE190}"
EndProject
Project("{9A19103F-16F7-4668-BE54-9A1E7A4F7556}") = "Dag2", "Fundamentals\Dag2\CsharpDag2\Dag2.csproj", "{130D0CF7-DA1D-4900-851F-31CA26C1579C}"
EndProject
Project("{9A19103F-16F7-4668-BE54-9A1E7A4F7556}") = "Dag3", "Fundamentals\Dag3\CSharp3\Dag3.csproj", "{47549A87-9151-4E51-9F81-741051EAE4B9}"
EndProject
Project("{9A19103F-16F7-4668-BE54-9A1E7A4F7556}") = "Utilities", "..\Utilities\Utilities.csproj", "{259485A5-6010-4AA4-B6E5-B060AB37AC6C}"
EndProject
Project("{2150E333-8FDC-42A3-9474-1A3956D46DE8}") = "Fundamentals", "Fundamentals", "{31D2B159-2CBE-4268-8317-71103B3C747A}"
EndProject
Project("{9A19103F-16F7-4668-BE54-9A1E7A4F7556}") = "Animals", "Animals\Animals.csproj", "{DFA1F243-8F8E-4330-8738-5090977EC920}"
EndProject
Project("{9A19103F-16F7-4668-BE54-9A1E7A4F7556}") = "ClassesBooks", "ClassesBooks\ClassesBooks.csproj", "{AB601917-FAA5-4E68-A5D3-0C4AD79303F2}"
EndProject
Project("{9A19103F-16F7-4668-BE54-9A1E7A4F7556}") = "ClassesCars", "ClassesCars\ClassesCars.csproj", "{0F93CC4C-58A0-4AF9-8453-F5FE66746AF0}"
EndProject
Project("{9A19103F-16F7-4668-BE54-9A1E7A4F7556}") = "DividingChocolate", "DividingChocolate\DividingChocolate.csproj", "{48BF65BF-D6C0-4DCF-81D7-BD2690C97594}"
EndProject
Project("{9A19103F-16F7-4668-BE54-9A1E7A4F7556}") = "ExeptionHandling", "ExeptionHandling\ExeptionHandling.csproj", "{F0F633A8-8B0A-4E96-85CC-8F35CF66714C}"
EndProject
Project("{9A19103F-16F7-4668-BE54-9A1E7A4F7556}") = "InheritenceShapes", "InheritenceShapes\InheritenceShapes.csproj", "{229AB94E-BF14-49F5-A176-783ED6D6DF93}"
EndProject
Project("{9A19103F-16F7-4668-BE54-9A1E7A4F7556}") = "MoveAround", "MoveAround\MoveAround.csproj", "{BCAEF764-1D06-4B4F-97C7-9D2A677A0A67}"
EndProject
Project("{9A19103F-16F7-4668-BE54-9A1E7A4F7556}") = "ValidationApp", "..\..\..\..\..\Users\Cajza Nydén\Documents\ValidationApp\ValidationApp.csproj", "{BCB6E5B3-14B0-427C-B3F9-8D8B03C7F156}"
EndProject
Project("{9A19103F-16F7-4668-BE54-9A1E7A4F7556}") = "UnitTestProject1", "..\..\..\..\..\Users\Cajza Nydén\Documents\ValidationApp\UnitTestProject1.csproj", "{FD7518A0-23EA-4A08-8653-EB6FDE165459}"
EndProject
Project("{2150E333-8FDC-42A3-9474-1A3956D46DE8}") = "ValidationApp", "ValidationApp", "{E05CC6E9-710C-4000-80EA-5A1E08FC28DA}"
EndProject
Project("{2150E333-8FDC-42A3-9474-1A3956D46DE8}") = "ShippingCost", "ShippingCost", "{06B171AF-1C8C-4F1C-B7EC-B3E8D5D46CED}"
EndProject
Project("{9A19103F-16F7-4668-BE54-9A1E7A4F7556}") = "TestShipping", "TestShipping\TestShipping.csproj", "{9CECBCF5-266B-4699-BEA5-9D6B92948228}"
EndProject
Project("{9A19103F-16F7-4668-BE54-9A1E7A4F7556}") = "shipping", "Shipping\shipping.csproj", "{3128E725-BF0E-4197-8714-6CC0AC691800}"
EndProject
Project("{9A19103F-16F7-4668-BE54-9A1E7A4F7556}") = "FetchWords", "FetchWords\FetchWords\FetchWords.csproj", "{342DCB53-8966-4D85-A548-2D9CBA5592D6}"
EndProject
Project("{2150E333-8FDC-42A3-9474-1A3956D46DE8}") = "FetchWords+test", "FetchWords+test", "{F319733E-5CC5-4F94-81FC-A3EE9B33F196}"
EndProject
Project("{9A19103F-16F7-4668-BE54-9A1E7A4F7556}") = "FetchWordsTest", "FetchWordsTest\FetchWordsTest.csproj", "{74254471-F6CA-4406-A005-8A484D1D3970}"
EndProject
Project("{9A19103F-16F7-4668-BE54-9A1E7A4F7556}") = "InterfacesRockstars", "InterfacesRockstars\InterfacesRockstars.csproj", "{D7B15192-588E-4573-B148-211D25FEF2ED}"
EndProject
Project("{9A19103F-16F7-4668-BE54-9A1E7A4F7556}") = "InterfacesAxesAndHorses", "InterfacesAxesAndHorses\InterfacesAxesAndHorses.csproj", "{6EB1CA1F-153D-4BC4-B470-74DF18B7CD3B}"
EndProject
Project("{9A19103F-16F7-4668-BE54-9A1E7A4F7556}") = "Watcher", "Watcher\Watcher.csproj", "{CDDDD27D-935F-424E-A5EB-8AF579CD0965}"
EndProject
Project("{FAE04EC0-301F-11D3-BF4B-00C04F79EFBC}") = "Monsters", "Monsters\Monsters.csproj", "{826E9146-858B-4F57-AB15-35ED0EFBCEC2}"
EndProject
Global
	GlobalSection(SolutionConfigurationPlatforms) = preSolution
		Debug|Any CPU = Debug|Any CPU
		Release|Any CPU = Release|Any CPU
	EndGlobalSection
	GlobalSection(ProjectConfigurationPlatforms) = postSolution
		{588DE699-C859-4AB9-B39C-4358F5EAE190}.Debug|Any CPU.ActiveCfg = Debug|Any CPU
		{588DE699-C859-4AB9-B39C-4358F5EAE190}.Debug|Any CPU.Build.0 = Debug|Any CPU
		{588DE699-C859-4AB9-B39C-4358F5EAE190}.Release|Any CPU.ActiveCfg = Release|Any CPU
		{588DE699-C859-4AB9-B39C-4358F5EAE190}.Release|Any CPU.Build.0 = Release|Any CPU
		{130D0CF7-DA1D-4900-851F-31CA26C1579C}.Debug|Any CPU.ActiveCfg = Debug|Any CPU
		{130D0CF7-DA1D-4900-851F-31CA26C1579C}.Debug|Any CPU.Build.0 = Debug|Any CPU
		{130D0CF7-DA1D-4900-851F-31CA26C1579C}.Release|Any CPU.ActiveCfg = Release|Any CPU
		{130D0CF7-DA1D-4900-851F-31CA26C1579C}.Release|Any CPU.Build.0 = Release|Any CPU
		{47549A87-9151-4E51-9F81-741051EAE4B9}.Debug|Any CPU.ActiveCfg = Debug|Any CPU
		{47549A87-9151-4E51-9F81-741051EAE4B9}.Debug|Any CPU.Build.0 = Debug|Any CPU
		{47549A87-9151-4E51-9F81-741051EAE4B9}.Release|Any CPU.ActiveCfg = Release|Any CPU
		{47549A87-9151-4E51-9F81-741051EAE4B9}.Release|Any CPU.Build.0 = Release|Any CPU
		{259485A5-6010-4AA4-B6E5-B060AB37AC6C}.Debug|Any CPU.ActiveCfg = Debug|Any CPU
		{259485A5-6010-4AA4-B6E5-B060AB37AC6C}.Debug|Any CPU.Build.0 = Debug|Any CPU
		{259485A5-6010-4AA4-B6E5-B060AB37AC6C}.Release|Any CPU.ActiveCfg = Release|Any CPU
		{259485A5-6010-4AA4-B6E5-B060AB37AC6C}.Release|Any CPU.Build.0 = Release|Any CPU
		{DFA1F243-8F8E-4330-8738-5090977EC920}.Debug|Any CPU.ActiveCfg = Debug|Any CPU
		{DFA1F243-8F8E-4330-8738-5090977EC920}.Debug|Any CPU.Build.0 = Debug|Any CPU
		{DFA1F243-8F8E-4330-8738-5090977EC920}.Release|Any CPU.ActiveCfg = Release|Any CPU
		{DFA1F243-8F8E-4330-8738-5090977EC920}.Release|Any CPU.Build.0 = Release|Any CPU
		{AB601917-FAA5-4E68-A5D3-0C4AD79303F2}.Debug|Any CPU.ActiveCfg = Debug|Any CPU
		{AB601917-FAA5-4E68-A5D3-0C4AD79303F2}.Debug|Any CPU.Build.0 = Debug|Any CPU
		{AB601917-FAA5-4E68-A5D3-0C4AD79303F2}.Release|Any CPU.ActiveCfg = Release|Any CPU
		{AB601917-FAA5-4E68-A5D3-0C4AD79303F2}.Release|Any CPU.Build.0 = Release|Any CPU
		{0F93CC4C-58A0-4AF9-8453-F5FE66746AF0}.Debug|Any CPU.ActiveCfg = Debug|Any CPU
		{0F93CC4C-58A0-4AF9-8453-F5FE66746AF0}.Debug|Any CPU.Build.0 = Debug|Any CPU
		{0F93CC4C-58A0-4AF9-8453-F5FE66746AF0}.Release|Any CPU.ActiveCfg = Release|Any CPU
		{0F93CC4C-58A0-4AF9-8453-F5FE66746AF0}.Release|Any CPU.Build.0 = Release|Any CPU
		{48BF65BF-D6C0-4DCF-81D7-BD2690C97594}.Debug|Any CPU.ActiveCfg = Debug|Any CPU
		{48BF65BF-D6C0-4DCF-81D7-BD2690C97594}.Debug|Any CPU.Build.0 = Debug|Any CPU
		{48BF65BF-D6C0-4DCF-81D7-BD2690C97594}.Release|Any CPU.ActiveCfg = Release|Any CPU
		{48BF65BF-D6C0-4DCF-81D7-BD2690C97594}.Release|Any CPU.Build.0 = Release|Any CPU
		{F0F633A8-8B0A-4E96-85CC-8F35CF66714C}.Debug|Any CPU.ActiveCfg = Debug|Any CPU
		{F0F633A8-8B0A-4E96-85CC-8F35CF66714C}.Debug|Any CPU.Build.0 = Debug|Any CPU
		{F0F633A8-8B0A-4E96-85CC-8F35CF66714C}.Release|Any CPU.ActiveCfg = Release|Any CPU
		{F0F633A8-8B0A-4E96-85CC-8F35CF66714C}.Release|Any CPU.Build.0 = Release|Any CPU
		{229AB94E-BF14-49F5-A176-783ED6D6DF93}.Debug|Any CPU.ActiveCfg = Debug|Any CPU
		{229AB94E-BF14-49F5-A176-783ED6D6DF93}.Debug|Any CPU.Build.0 = Debug|Any CPU
		{229AB94E-BF14-49F5-A176-783ED6D6DF93}.Release|Any CPU.ActiveCfg = Release|Any CPU
		{229AB94E-BF14-49F5-A176-783ED6D6DF93}.Release|Any CPU.Build.0 = Release|Any CPU
		{BCAEF764-1D06-4B4F-97C7-9D2A677A0A67}.Debug|Any CPU.ActiveCfg = Debug|Any CPU
		{BCAEF764-1D06-4B4F-97C7-9D2A677A0A67}.Debug|Any CPU.Build.0 = Debug|Any CPU
		{BCAEF764-1D06-4B4F-97C7-9D2A677A0A67}.Release|Any CPU.ActiveCfg = Release|Any CPU
		{BCAEF764-1D06-4B4F-97C7-9D2A677A0A67}.Release|Any CPU.Build.0 = Release|Any CPU
		{BCB6E5B3-14B0-427C-B3F9-8D8B03C7F156}.Debug|Any CPU.ActiveCfg = Debug|Any CPU
		{BCB6E5B3-14B0-427C-B3F9-8D8B03C7F156}.Debug|Any CPU.Build.0 = Debug|Any CPU
		{BCB6E5B3-14B0-427C-B3F9-8D8B03C7F156}.Release|Any CPU.ActiveCfg = Release|Any CPU
		{BCB6E5B3-14B0-427C-B3F9-8D8B03C7F156}.Release|Any CPU.Build.0 = Release|Any CPU
		{FD7518A0-23EA-4A08-8653-EB6FDE165459}.Debug|Any CPU.ActiveCfg = Debug|Any CPU
		{FD7518A0-23EA-4A08-8653-EB6FDE165459}.Debug|Any CPU.Build.0 = Debug|Any CPU
		{FD7518A0-23EA-4A08-8653-EB6FDE165459}.Release|Any CPU.ActiveCfg = Release|Any CPU
		{FD7518A0-23EA-4A08-8653-EB6FDE165459}.Release|Any CPU.Build.0 = Release|Any CPU
		{9CECBCF5-266B-4699-BEA5-9D6B92948228}.Debug|Any CPU.ActiveCfg = Debug|Any CPU
		{9CECBCF5-266B-4699-BEA5-9D6B92948228}.Debug|Any CPU.Build.0 = Debug|Any CPU
		{9CECBCF5-266B-4699-BEA5-9D6B92948228}.Release|Any CPU.ActiveCfg = Release|Any CPU
		{9CECBCF5-266B-4699-BEA5-9D6B92948228}.Release|Any CPU.Build.0 = Release|Any CPU
		{3128E725-BF0E-4197-8714-6CC0AC691800}.Debug|Any CPU.ActiveCfg = Debug|Any CPU
		{3128E725-BF0E-4197-8714-6CC0AC691800}.Debug|Any CPU.Build.0 = Debug|Any CPU
		{3128E725-BF0E-4197-8714-6CC0AC691800}.Release|Any CPU.ActiveCfg = Release|Any CPU
		{3128E725-BF0E-4197-8714-6CC0AC691800}.Release|Any CPU.Build.0 = Release|Any CPU
		{342DCB53-8966-4D85-A548-2D9CBA5592D6}.Debug|Any CPU.ActiveCfg = Debug|Any CPU
		{342DCB53-8966-4D85-A548-2D9CBA5592D6}.Debug|Any CPU.Build.0 = Debug|Any CPU
		{342DCB53-8966-4D85-A548-2D9CBA5592D6}.Release|Any CPU.ActiveCfg = Release|Any CPU
		{342DCB53-8966-4D85-A548-2D9CBA5592D6}.Release|Any CPU.Build.0 = Release|Any CPU
		{74254471-F6CA-4406-A005-8A484D1D3970}.Debug|Any CPU.ActiveCfg = Debug|Any CPU
		{74254471-F6CA-4406-A005-8A484D1D3970}.Debug|Any CPU.Build.0 = Debug|Any CPU
		{74254471-F6CA-4406-A005-8A484D1D3970}.Release|Any CPU.ActiveCfg = Release|Any CPU
		{74254471-F6CA-4406-A005-8A484D1D3970}.Release|Any CPU.Build.0 = Release|Any CPU
		{D7B15192-588E-4573-B148-211D25FEF2ED}.Debug|Any CPU.ActiveCfg = Debug|Any CPU
		{D7B15192-588E-4573-B148-211D25FEF2ED}.Debug|Any CPU.Build.0 = Debug|Any CPU
		{D7B15192-588E-4573-B148-211D25FEF2ED}.Release|Any CPU.ActiveCfg = Release|Any CPU
		{D7B15192-588E-4573-B148-211D25FEF2ED}.Release|Any CPU.Build.0 = Release|Any CPU
		{6EB1CA1F-153D-4BC4-B470-74DF18B7CD3B}.Debug|Any CPU.ActiveCfg = Debug|Any CPU
		{6EB1CA1F-153D-4BC4-B470-74DF18B7CD3B}.Debug|Any CPU.Build.0 = Debug|Any CPU
		{6EB1CA1F-153D-4BC4-B470-74DF18B7CD3B}.Release|Any CPU.ActiveCfg = Release|Any CPU
		{6EB1CA1F-153D-4BC4-B470-74DF18B7CD3B}.Release|Any CPU.Build.0 = Release|Any CPU
		{CDDDD27D-935F-424E-A5EB-8AF579CD0965}.Debug|Any CPU.ActiveCfg = Debug|Any CPU
		{CDDDD27D-935F-424E-A5EB-8AF579CD0965}.Debug|Any CPU.Build.0 = Debug|Any CPU
		{CDDDD27D-935F-424E-A5EB-8AF579CD0965}.Release|Any CPU.ActiveCfg = Release|Any CPU
		{CDDDD27D-935F-424E-A5EB-8AF579CD0965}.Release|Any CPU.Build.0 = Release|Any CPU
		{826E9146-858B-4F57-AB15-35ED0EFBCEC2}.Debug|Any CPU.ActiveCfg = Debug|Any CPU
		{826E9146-858B-4F57-AB15-35ED0EFBCEC2}.Debug|Any CPU.Build.0 = Debug|Any CPU
		{826E9146-858B-4F57-AB15-35ED0EFBCEC2}.Release|Any CPU.ActiveCfg = Release|Any CPU
		{826E9146-858B-4F57-AB15-35ED0EFBCEC2}.Release|Any CPU.Build.0 = Release|Any CPU
	EndGlobalSection
	GlobalSection(SolutionProperties) = preSolution
		HideSolutionNode = FALSE
	EndGlobalSection
	GlobalSection(NestedProjects) = preSolution
		{588DE699-C859-4AB9-B39C-4358F5EAE190} = {31D2B159-2CBE-4268-8317-71103B3C747A}
		{130D0CF7-DA1D-4900-851F-31CA26C1579C} = {31D2B159-2CBE-4268-8317-71103B3C747A}
		{47549A87-9151-4E51-9F81-741051EAE4B9} = {31D2B159-2CBE-4268-8317-71103B3C747A}
		{BCB6E5B3-14B0-427C-B3F9-8D8B03C7F156} = {E05CC6E9-710C-4000-80EA-5A1E08FC28DA}
		{FD7518A0-23EA-4A08-8653-EB6FDE165459} = {E05CC6E9-710C-4000-80EA-5A1E08FC28DA}
		{9CECBCF5-266B-4699-BEA5-9D6B92948228} = {06B171AF-1C8C-4F1C-B7EC-B3E8D5D46CED}
		{3128E725-BF0E-4197-8714-6CC0AC691800} = {06B171AF-1C8C-4F1C-B7EC-B3E8D5D46CED}
		{342DCB53-8966-4D85-A548-2D9CBA5592D6} = {F319733E-5CC5-4F94-81FC-A3EE9B33F196}
		{74254471-F6CA-4406-A005-8A484D1D3970} = {F319733E-5CC5-4F94-81FC-A3EE9B33F196}
	EndGlobalSection
	GlobalSection(ExtensibilityGlobals) = postSolution
		SolutionGuid = {B1A56537-B34F-4313-93D2-5762BB743343}
	EndGlobalSection
EndGlobal
